
Microsoft Visual Studio Solution File, Format Version 12.00
# Visual Studio Version 17
VisualStudioVersion = 17.4.33205.214
MinimumVisualStudioVersion = 10.0.40219.1
Project("{9A19103F-16F7-4668-BE54-9A1E7A4F7556}") = "ArrayManipulation", "ArrayManipulation.csproj", "{831A1FE9-A0C3-4E10-AAE8-5F39C7F1C2F1}"
EndProject
Global
	GlobalSection(SolutionConfigurationPlatforms) = preSolution
		Debug|Any CPU = Debug|Any CPU
		Release|Any CPU = Release|Any CPU
	EndGlobalSection
	GlobalSection(ProjectConfigurationPlatforms) = postSolution
		{831A1FE9-A0C3-4E10-AAE8-5F39C7F1C2F1}.Debug|Any CPU.ActiveCfg = Debug|Any CPU
		{831A1FE9-A0C3-4E10-AAE8-5F39C7F1C2F1}.Debug|Any CPU.Build.0 = Debug|Any CPU
		{831A1FE9-A0C3-4E10-AAE8-5F39C7F1C2F1}.Release|Any CPU.ActiveCfg = Release|Any CPU
		{831A1FE9-A0C3-4E10-AAE8-5F39C7F1C2F1}.Release|Any CPU.Build.0 = Release|Any CPU
	EndGlobalSection
	GlobalSection(SolutionProperties) = preSolution
		HideSolutionNode = FALSE
	EndGlobalSection
	GlobalSection(ExtensibilityGlobals) = postSolution
		SolutionGuid = {64CC7539-4EA8-4683-B99B-C6DD79A5E616}
	EndGlobalSection
EndGlobal
