
Microsoft Visual Studio Solution File, Format Version 12.00
# Visual Studio Version 17
VisualStudioVersion = 17.5.33627.172
MinimumVisualStudioVersion = 10.0.40219.1
Project("{FAE04EC0-301F-11D3-BF4B-00C04F79EFBC}") = "WordCloudGenerator", "WordCloudGenerator\WordCloudGenerator.csproj", "{7106FBCB-A97D-46D4-A68E-03EA75719DE3}"
EndProject
Project("{FAE04EC0-301F-11D3-BF4B-00C04F79EFBC}") = "WordCloudGeneratorTesting", "WordCloudGeneratorTesting\WordCloudGeneratorTesting.csproj", "{F88D992E-1068-4392-BF05-43AB73997F5C}"
EndProject
Global
	GlobalSection(SolutionConfigurationPlatforms) = preSolution
		Debug|Any CPU = Debug|Any CPU
		Release|Any CPU = Release|Any CPU
	EndGlobalSection
	GlobalSection(ProjectConfigurationPlatforms) = postSolution
		{7106FBCB-A97D-46D4-A68E-03EA75719DE3}.Debug|Any CPU.ActiveCfg = Debug|Any CPU
		{7106FBCB-A97D-46D4-A68E-03EA75719DE3}.Debug|Any CPU.Build.0 = Debug|Any CPU
		{7106FBCB-A97D-46D4-A68E-03EA75719DE3}.Release|Any CPU.ActiveCfg = Release|Any CPU
		{7106FBCB-A97D-46D4-A68E-03EA75719DE3}.Release|Any CPU.Build.0 = Release|Any CPU
		{F88D992E-1068-4392-BF05-43AB73997F5C}.Debug|Any CPU.ActiveCfg = Debug|Any CPU
		{F88D992E-1068-4392-BF05-43AB73997F5C}.Debug|Any CPU.Build.0 = Debug|Any CPU
		{F88D992E-1068-4392-BF05-43AB73997F5C}.Release|Any CPU.ActiveCfg = Release|Any CPU
		{F88D992E-1068-4392-BF05-43AB73997F5C}.Release|Any CPU.Build.0 = Release|Any CPU
	EndGlobalSection
	GlobalSection(SolutionProperties) = preSolution
		HideSolutionNode = FALSE
	EndGlobalSection
	GlobalSection(ExtensibilityGlobals) = postSolution
		SolutionGuid = {9995D0BC-E418-4C4F-BF64-CFB30217D69A}
	EndGlobalSection
EndGlobal
