
Microsoft Visual Studio Solution File, Format Version 12.00
# Visual Studio Version 17
VisualStudioVersion = 17.5.33627.172
MinimumVisualStudioVersion = 10.0.40219.1
Project("{FAE04EC0-301F-11D3-BF4B-00C04F79EFBC}") = "LoggerDemo", "LoggerDemo\LoggerDemo.csproj", "{19FEECF2-CE8F-4369-8201-AEA8AE687548}"
EndProject
Project("{FAE04EC0-301F-11D3-BF4B-00C04F79EFBC}") = "LoggerDemoTest", "LoggerDemoTest\LoggerDemoTest.csproj", "{53A29C4D-FDF7-4A58-A114-FA6200F3A709}"
EndProject
Global
	GlobalSection(SolutionConfigurationPlatforms) = preSolution
		Debug|Any CPU = Debug|Any CPU
		Release|Any CPU = Release|Any CPU
	EndGlobalSection
	GlobalSection(ProjectConfigurationPlatforms) = postSolution
		{19FEECF2-CE8F-4369-8201-AEA8AE687548}.Debug|Any CPU.ActiveCfg = Debug|Any CPU
		{19FEECF2-CE8F-4369-8201-AEA8AE687548}.Debug|Any CPU.Build.0 = Debug|Any CPU
		{19FEECF2-CE8F-4369-8201-AEA8AE687548}.Release|Any CPU.ActiveCfg = Release|Any CPU
		{19FEECF2-CE8F-4369-8201-AEA8AE687548}.Release|Any CPU.Build.0 = Release|Any CPU
		{53A29C4D-FDF7-4A58-A114-FA6200F3A709}.Debug|Any CPU.ActiveCfg = Debug|Any CPU
		{53A29C4D-FDF7-4A58-A114-FA6200F3A709}.Debug|Any CPU.Build.0 = Debug|Any CPU
		{53A29C4D-FDF7-4A58-A114-FA6200F3A709}.Release|Any CPU.ActiveCfg = Release|Any CPU
		{53A29C4D-FDF7-4A58-A114-FA6200F3A709}.Release|Any CPU.Build.0 = Release|Any CPU
	EndGlobalSection
	GlobalSection(SolutionProperties) = preSolution
		HideSolutionNode = FALSE
	EndGlobalSection
	GlobalSection(ExtensibilityGlobals) = postSolution
		SolutionGuid = {820BCFFE-CD06-4A46-A96D-BE8D081A33E7}
	EndGlobalSection
EndGlobal
