
Microsoft Visual Studio Solution File, Format Version 12.00
# Visual Studio Version 17
VisualStudioVersion = 17.5.33627.172
MinimumVisualStudioVersion = 10.0.40219.1
Project("{FAE04EC0-301F-11D3-BF4B-00C04F79EFBC}") = "RandomPasswordGenerator", "RandomPasswordGenerator\RandomPasswordGenerator.csproj", "{9FFA2ED7-F98B-4132-8620-BE05E963B1D3}"
EndProject
Project("{FAE04EC0-301F-11D3-BF4B-00C04F79EFBC}") = "RandomPasswordGeneratorTest", "RandomPasswordGeneratorTest\RandomPasswordGeneratorTest.csproj", "{640645D3-3C80-4B1B-A2D6-B5585CA99756}"
EndProject
Global
	GlobalSection(SolutionConfigurationPlatforms) = preSolution
		Debug|Any CPU = Debug|Any CPU
		Release|Any CPU = Release|Any CPU
	EndGlobalSection
	GlobalSection(ProjectConfigurationPlatforms) = postSolution
		{9FFA2ED7-F98B-4132-8620-BE05E963B1D3}.Debug|Any CPU.ActiveCfg = Debug|Any CPU
		{9FFA2ED7-F98B-4132-8620-BE05E963B1D3}.Debug|Any CPU.Build.0 = Debug|Any CPU
		{9FFA2ED7-F98B-4132-8620-BE05E963B1D3}.Release|Any CPU.ActiveCfg = Release|Any CPU
		{9FFA2ED7-F98B-4132-8620-BE05E963B1D3}.Release|Any CPU.Build.0 = Release|Any CPU
		{640645D3-3C80-4B1B-A2D6-B5585CA99756}.Debug|Any CPU.ActiveCfg = Debug|Any CPU
		{640645D3-3C80-4B1B-A2D6-B5585CA99756}.Debug|Any CPU.Build.0 = Debug|Any CPU
		{640645D3-3C80-4B1B-A2D6-B5585CA99756}.Release|Any CPU.ActiveCfg = Release|Any CPU
		{640645D3-3C80-4B1B-A2D6-B5585CA99756}.Release|Any CPU.Build.0 = Release|Any CPU
	EndGlobalSection
	GlobalSection(SolutionProperties) = preSolution
		HideSolutionNode = FALSE
	EndGlobalSection
	GlobalSection(ExtensibilityGlobals) = postSolution
		SolutionGuid = {F8B332F7-8E5F-4084-BEB7-FAFA20915DBE}
	EndGlobalSection
EndGlobal
